// !$*UTF8*$!
{
	archiveVersion = 1;
	classes = {
	};
	objectVersion = 46;
	objects = {

/* Begin PBXBuildFile section */
		9190D79E1AEE92D5003114AF /* AppDelegate.swift in Sources */ = {isa = PBXBuildFile; fileRef = 9190D79D1AEE92D5003114AF /* AppDelegate.swift */; };
		9190D7A31AEE92D5003114AF /* Main.storyboard in Resources */ = {isa = PBXBuildFile; fileRef = 9190D7A11AEE92D5003114AF /* Main.storyboard */; };
		9190D7A51AEE92D5003114AF /* Images.xcassets in Resources */ = {isa = PBXBuildFile; fileRef = 9190D7A41AEE92D5003114AF /* Images.xcassets */; };
		9190D7A81AEE92D5003114AF /* LaunchScreen.xib in Resources */ = {isa = PBXBuildFile; fileRef = 9190D7A61AEE92D5003114AF /* LaunchScreen.xib */; };
		9190D7B41AEE92D5003114AF /* Swift_ExampleTests.swift in Sources */ = {isa = PBXBuildFile; fileRef = 9190D7B31AEE92D5003114AF /* Swift_ExampleTests.swift */; };
		9190D7C31AEE94FF003114AF /* SwipeView.m in Sources */ = {isa = PBXBuildFile; fileRef = 9190D7C21AEE94FF003114AF /* SwipeView.m */; };
		9190D7C61AEEA116003114AF /* ExampleViewController.swift in Sources */ = {isa = PBXBuildFile; fileRef = 9190D7C51AEEA116003114AF /* ExampleViewController.swift */; };
/* End PBXBuildFile section */

/* Begin PBXContainerItemProxy section */
		9190D7AE1AEE92D5003114AF /* PBXContainerItemProxy */ = {
			isa = PBXContainerItemProxy;
			containerPortal = 9190D7901AEE92D5003114AF /* Project object */;
			proxyType = 1;
			remoteGlobalIDString = 9190D7971AEE92D5003114AF;
			remoteInfo = "Swift Example";
		};
/* End PBXContainerItemProxy section */

/* Begin PBXFileReference section */
		9190D7981AEE92D5003114AF /* Swift Example.app */ = {isa = PBXFileReference; explicitFileType = wrapper.application; includeInIndex = 0; path = "Swift Example.app"; sourceTree = BUILT_PRODUCTS_DIR; };
		9190D79C1AEE92D5003114AF /* Info.plist */ = {isa = PBXFileReference; lastKnownFileType = text.plist.xml; path = Info.plist; sourceTree = "<group>"; };
		9190D79D1AEE92D5003114AF /* AppDelegate.swift */ = {isa = PBXFileReference; lastKnownFileType = sourcecode.swift; path = AppDelegate.swift; sourceTree = "<group>"; };
		9190D7A21AEE92D5003114AF /* Base */ = {isa = PBXFileReference; lastKnownFileType = file.storyboard; name = Base; path = Base.lproj/Main.storyboard; sourceTree = "<group>"; };
		9190D7A41AEE92D5003114AF /* Images.xcassets */ = {isa = PBXFileReference; lastKnownFileType = folder.assetcatalog; path = Images.xcassets; sourceTree = "<group>"; };
		9190D7A71AEE92D5003114AF /* Base */ = {isa = PBXFileReference; lastKnownFileType = file.xib; name = Base; path = Base.lproj/LaunchScreen.xib; sourceTree = "<group>"; };
		9190D7AD1AEE92D5003114AF /* Swift ExampleTests.xctest */ = {isa = PBXFileReference; explicitFileType = wrapper.cfbundle; includeInIndex = 0; path = "Swift ExampleTests.xctest"; sourceTree = BUILT_PRODUCTS_DIR; };
		9190D7B21AEE92D5003114AF /* Info.plist */ = {isa = PBXFileReference; lastKnownFileType = text.plist.xml; path = Info.plist; sourceTree = "<group>"; };
		9190D7B31AEE92D5003114AF /* Swift_ExampleTests.swift */ = {isa = PBXFileReference; lastKnownFileType = sourcecode.swift; path = Swift_ExampleTests.swift; sourceTree = "<group>"; };
		9190D7BD1AEE93E4003114AF /* SwiftExample-Bridging-Header.h */ = {isa = PBXFileReference; fileEncoding = 4; lastKnownFileType = sourcecode.c.h; path = "SwiftExample-Bridging-Header.h"; sourceTree = "<group>"; };
		9190D7C11AEE94FF003114AF /* SwipeView.h */ = {isa = PBXFileReference; fileEncoding = 4; lastKnownFileType = sourcecode.c.h; name = SwipeView.h; path = ../../../SwipeView/SwipeView.h; sourceTree = "<group>"; };
		9190D7C21AEE94FF003114AF /* SwipeView.m */ = {isa = PBXFileReference; fileEncoding = 4; lastKnownFileType = sourcecode.c.objc; name = SwipeView.m; path = ../../../SwipeView/SwipeView.m; sourceTree = "<group>"; };
		9190D7C51AEEA116003114AF /* ExampleViewController.swift */ = {isa = PBXFileReference; fileEncoding = 4; lastKnownFileType = sourcecode.swift; path = ExampleViewController.swift; sourceTree = "<group>"; };
/* End PBXFileReference section */

/* Begin PBXFrameworksBuildPhase section */
		9190D7951AEE92D5003114AF /* Frameworks */ = {
			isa = PBXFrameworksBuildPhase;
			buildActionMask = 2147483647;
			files = (
			);
			runOnlyForDeploymentPostprocessing = 0;
		};
		9190D7AA1AEE92D5003114AF /* Frameworks */ = {
			isa = PBXFrameworksBuildPhase;
			buildActionMask = 2147483647;
			files = (
			);
			runOnlyForDeploymentPostprocessing = 0;
		};
/* End PBXFrameworksBuildPhase section */

/* Begin PBXGroup section */
		9190D78F1AEE92D5003114AF = {
			isa = PBXGroup;
			children = (
				9190D7C01AEE94E5003114AF /* SwipeView */,
				9190D79A1AEE92D5003114AF /* Swift Example */,
				9190D7B01AEE92D5003114AF /* Swift ExampleTests */,
				9190D7991AEE92D5003114AF /* Products */,
			);
			sourceTree = "<group>";
		};
		9190D7991AEE92D5003114AF /* Products */ = {
			isa = PBXGroup;
			children = (
				9190D7981AEE92D5003114AF /* Swift Example.app */,
				9190D7AD1AEE92D5003114AF /* Swift ExampleTests.xctest */,
			);
			name = Products;
			sourceTree = "<group>";
		};
		9190D79A1AEE92D5003114AF /* Swift Example */ = {
			isa = PBXGroup;
			children = (
				9190D79D1AEE92D5003114AF /* AppDelegate.swift */,
				9190D7C51AEEA116003114AF /* ExampleViewController.swift */,
				9190D7A11AEE92D5003114AF /* Main.storyboard */,
				9190D7A41AEE92D5003114AF /* Images.xcassets */,
				9190D7A61AEE92D5003114AF /* LaunchScreen.xib */,
				9190D79B1AEE92D5003114AF /* Supporting Files */,
				9190D7BD1AEE93E4003114AF /* SwiftExample-Bridging-Header.h */,
			);
			path = "Swift Example";
			sourceTree = "<group>";
		};
		9190D79B1AEE92D5003114AF /* Supporting Files */ = {
			isa = PBXGroup;
			children = (
				9190D79C1AEE92D5003114AF /* Info.plist */,
			);
			name = "Supporting Files";
			sourceTree = "<group>";
		};
		9190D7B01AEE92D5003114AF /* Swift ExampleTests */ = {
			isa = PBXGroup;
			children = (
				9190D7B31AEE92D5003114AF /* Swift_ExampleTests.swift */,
				9190D7B11AEE92D5003114AF /* Supporting Files */,
			);
			path = "Swift ExampleTests";
			sourceTree = "<group>";
		};
		9190D7B11AEE92D5003114AF /* Supporting Files */ = {
			isa = PBXGroup;
			children = (
				9190D7B21AEE92D5003114AF /* Info.plist */,
			);
			name = "Supporting Files";
			sourceTree = "<group>";
		};
		9190D7C01AEE94E5003114AF /* SwipeView */ = {
			isa = PBXGroup;
			children = (
				9190D7C11AEE94FF003114AF /* SwipeView.h */,
				9190D7C21AEE94FF003114AF /* SwipeView.m */,
			);
			name = SwipeView;
			path = "Swift Example";
			sourceTree = "<group>";
		};
/* End PBXGroup section */

/* Begin PBXNativeTarget section */
		9190D7971AEE92D5003114AF /* Swift Example */ = {
			isa = PBXNativeTarget;
			buildConfigurationList = 9190D7B71AEE92D5003114AF /* Build configuration list for PBXNativeTarget "Swift Example" */;
			buildPhases = (
				9190D7941AEE92D5003114AF /* Sources */,
				9190D7951AEE92D5003114AF /* Frameworks */,
				9190D7961AEE92D5003114AF /* Resources */,
			);
			buildRules = (
			);
			dependencies = (
			);
			name = "Swift Example";
			productName = "Swift Example";
			productReference = 9190D7981AEE92D5003114AF /* Swift Example.app */;
			productType = "com.apple.product-type.application";
		};
		9190D7AC1AEE92D5003114AF /* Swift ExampleTests */ = {
			isa = PBXNativeTarget;
			buildConfigurationList = 9190D7BA1AEE92D5003114AF /* Build configuration list for PBXNativeTarget "Swift ExampleTests" */;
			buildPhases = (
				9190D7A91AEE92D5003114AF /* Sources */,
				9190D7AA1AEE92D5003114AF /* Frameworks */,
				9190D7AB1AEE92D5003114AF /* Resources */,
			);
			buildRules = (
			);
			dependencies = (
				9190D7AF1AEE92D5003114AF /* PBXTargetDependency */,
			);
			name = "Swift ExampleTests";
			productName = "Swift ExampleTests";
			productReference = 9190D7AD1AEE92D5003114AF /* Swift ExampleTests.xctest */;
			productType = "com.apple.product-type.bundle.unit-test";
		};
/* End PBXNativeTarget section */

/* Begin PBXProject section */
		9190D7901AEE92D5003114AF /* Project object */ = {
			isa = PBXProject;
			attributes = {
				LastUpgradeCheck = 0630;
				TargetAttributes = {
					9190D7971AEE92D5003114AF = {
						CreatedOnToolsVersion = 6.3.1;
					};
					9190D7AC1AEE92D5003114AF = {
						CreatedOnToolsVersion = 6.3.1;
						TestTargetID = 9190D7971AEE92D5003114AF;
					};
				};
			};
			buildConfigurationList = 9190D7931AEE92D5003114AF /* Build configuration list for PBXProject "Swift Example" */;
			compatibilityVersion = "Xcode 3.2";
			developmentRegion = English;
			hasScannedForEncodings = 0;
			knownRegions = (
				en,
				Base,
			);
			mainGroup = 9190D78F1AEE92D5003114AF;
			productRefGroup = 9190D7991AEE92D5003114AF /* Products */;
			projectDirPath = "";
			projectRoot = "";
			targets = (
				9190D7971AEE92D5003114AF /* Swift Example */,
				9190D7AC1AEE92D5003114AF /* Swift ExampleTests */,
			);
		};
/* End PBXProject section */

/* Begin PBXResourcesBuildPhase section */
		9190D7961AEE92D5003114AF /* Resources */ = {
			isa = PBXResourcesBuildPhase;
			buildActionMask = 2147483647;
			files = (
				9190D7A31AEE92D5003114AF /* Main.storyboard in Resources */,
				9190D7A81AEE92D5003114AF /* LaunchScreen.xib in Resources */,
				9190D7A51AEE92D5003114AF /* Images.xcassets in Resources */,
			);
			runOnlyForDeploymentPostprocessing = 0;
		};
		9190D7AB1AEE92D5003114AF /* Resources */ = {
			isa = PBXResourcesBuildPhase;
			buildActionMask = 2147483647;
			files = (
			);
			runOnlyForDeploymentPostprocessing = 0;
		};
/* End PBXResourcesBuildPhase section */

/* Begin PBXSourcesBuildPhase section */
		9190D7941AEE92D5003114AF /* Sources */ = {
			isa = PBXSourcesBuildPhase;
			buildActionMask = 2147483647;
			files = (
				9190D7C31AEE94FF003114AF /* SwipeView.m in Sources */,
				9190D7C61AEEA116003114AF /* ExampleViewController.swift in Sources */,
				9190D79E1AEE92D5003114AF /* AppDelegate.swift in Sources */,
			);
			runOnlyForDeploymentPostprocessing = 0;
		};
		9190D7A91AEE92D5003114AF /* Sources */ = {
			isa = PBXSourcesBuildPhase;
			buildActionMask = 2147483647;
			files = (
				9190D7B41AEE92D5003114AF /* Swift_ExampleTests.swift in Sources */,
			);
			runOnlyForDeploymentPostprocessing = 0;
		};
/* End PBXSourcesBuildPhase section */

/* Begin PBXTargetDependency section */
		9190D7AF1AEE92D5003114AF /* PBXTargetDependency */ = {
			isa = PBXTargetDependency;
			target = 9190D7971AEE92D5003114AF /* Swift Example */;
			targetProxy = 9190D7AE1AEE92D5003114AF /* PBXContainerItemProxy */;
		};
/* End PBXTargetDependency section */

/* Begin PBXVariantGroup section */
		9190D7A11AEE92D5003114AF /* Main.storyboard */ = {
			isa = PBXVariantGroup;
			children = (
				9190D7A21AEE92D5003114AF /* Base */,
			);
			name = Main.storyboard;
			sourceTree = "<group>";
		};
		9190D7A61AEE92D5003114AF /* LaunchScreen.xib */ = {
			isa = PBXVariantGroup;
			children = (
				9190D7A71AEE92D5003114AF /* Base */,
			);
			name = LaunchScreen.xib;
			sourceTree = "<group>";
		};
/* End PBXVariantGroup section */

/* Begin XCBuildConfiguration section */
		9190D7B51AEE92D5003114AF /* Debug */ = {
			isa = XCBuildConfiguration;
			buildSettings = {
				ALWAYS_SEARCH_USER_PATHS = NO;
				CLANG_CXX_LANGUAGE_STANDARD = "gnu++0x";
				CLANG_CXX_LIBRARY = "libc++";
				CLANG_ENABLE_MODULES = YES;
				CLANG_ENABLE_OBJC_ARC = YES;
				CLANG_WARN_BOOL_CONVERSION = YES;
				CLANG_WARN_CONSTANT_CONVERSION = YES;
				CLANG_WARN_DIRECT_OBJC_ISA_USAGE = YES_ERROR;
				CLANG_WARN_EMPTY_BODY = YES;
				CLANG_WARN_ENUM_CONVERSION = YES;
				CLANG_WARN_INT_CONVERSION = YES;
				CLANG_WARN_OBJC_ROOT_CLASS = YES_ERROR;
				CLANG_WARN_UNREACHABLE_CODE = YES;
				CLANG_WARN__DUPLICATE_METHOD_MATCH = YES;
				"CODE_SIGN_IDENTITY[sdk=iphoneos*]" = "iPhone Developer";
				COPY_PHASE_STRIP = NO;
				DEBUG_INFORMATION_FORMAT = "dwarf-with-dsym";
				ENABLE_STRICT_OBJC_MSGSEND = YES;
				GCC_C_LANGUAGE_STANDARD = gnu99;
				GCC_DYNAMIC_NO_PIC = NO;
				GCC_NO_COMMON_BLOCKS = YES;
				GCC_OPTIMIZATION_LEVEL = 0;
				GCC_PREPROCESSOR_DEFINITIONS = (
					"DEBUG=1",
					"$(inherited)",
				);
				GCC_SYMBOLS_PRIVATE_EXTERN = NO;
				GCC_WARN_64_TO_32_BIT_CONVERSION = YES;
				GCC_WARN_ABOUT_RETURN_TYPE = YES_ERROR;
				GCC_WARN_UNDECLARED_SELECTOR = YES;
				GCC_WARN_UNINITIALIZED_AUTOS = YES_AGGRESSIVE;
				GCC_WARN_UNUSED_FUNCTION = YES;
				GCC_WARN_UNUSED_VARIABLE = YES;
				IPHONEOS_DEPLOYMENT_TARGET = 8.3;
				MTL_ENABLE_DEBUG_INFO = YES;
				ONLY_ACTIVE_ARCH = YES;
				SDKROOT = iphoneos;
				SWIFT_OPTIMIZATION_LEVEL = "-Onone";
				TARGETED_DEVICE_FAMILY = "1,2";
			};
			name = Debug;
		};
		9190D7B61AEE92D5003114AF /* Release */ = {
			isa = XCBuildConfiguration;
			buildSettings = {
				ALWAYS_SEARCH_USER_PATHS = NO;
				CLANG_CXX_LANGUAGE_STANDARD = "gnu++0x";
				CLANG_CXX_LIBRARY = "libc++";
				CLANG_ENABLE_MODULES = YES;
				CLANG_ENABLE_OBJC_ARC = YES;
				CLANG_WARN_BOOL_CONVERSION = YES;
				CLANG_WARN_CONSTANT_CONVERSION = YES;
				CLANG_WARN_DIRECT_OBJC_ISA_USAGE = YES_ERROR;
				CLANG_WARN_EMPTY_BODY = YES;
				CLANG_WARN_ENUM_CONVERSION = YES;
				CLANG_WARN_INT_CONVERSION = YES;
				CLANG_WARN_OBJC_ROOT_CLASS = YES_ERROR;
				CLANG_WARN_UNREACHABLE_CODE = YES;
				CLANG_WARN__DUPLICATE_METHOD_MATCH = YES;
				"CODE_SIGN_IDENTITY[sdk=iphoneos*]" = "iPhone Developer";
				COPY_PHASE_STRIP = NO;
				DEBUG_INFORMATION_FORMAT = "dwarf-with-dsym";
				ENABLE_NS_ASSERTIONS = NO;
				ENABLE_STRICT_OBJC_MSGSEND = YES;
				GCC_C_LANGUAGE_STANDARD = gnu99;
				GCC_NO_COMMON_BLOCKS = YES;
				GCC_WARN_64_TO_32_BIT_CONVERSION = YES;
				GCC_WARN_ABOUT_RETURN_TYPE = YES_ERROR;
				GCC_WARN_UNDECLARED_SELECTOR = YES;
				GCC_WARN_UNINITIALIZED_AUTOS = YES_AGGRESSIVE;
				GCC_WARN_UNUSED_FUNCTION = YES;
				GCC_WARN_UNUSED_VARIABLE = YES;
				IPHONEOS_DEPLOYMENT_TARGET = 8.3;
				MTL_ENABLE_DEBUG_INFO = NO;
				SDKROOT = iphoneos;
				TARGETED_DEVICE_FAMILY = "1,2";
				VALIDATE_PRODUCT = YES;
			};
			name = Release;
		};
		9190D7B81AEE92D5003114AF /* Debug */ = {
			isa = XCBuildConfiguration;
			buildSettings = {
				ASSETCATALOG_COMPILER_APPICON_NAME = AppIcon;
				INFOPLIST_FILE = "Swift Example/Info.plist";
				IPHONEOS_DEPLOYMENT_TARGET = 8.0;
				LD_RUNPATH_SEARCH_PATHS = "$(inherited) @executable_path/Frameworks";
				PRODUCT_NAME = "$(TARGET_NAME)";
				SWIFT_OBJC_BRIDGING_HEADER = "Swift Example/SwiftExample-Bridging-Header.h";
			};
			name = Debug;
		};
		9190D7B91AEE92D5003114AF /* Release */ = {
			isa = XCBuildConfiguration;
			buildSettings = {
				ASSETCATALOG_COMPILER_APPICON_NAME = AppIcon;
				INFOPLIST_FILE = "Swift Example/Info.plist";
				IPHONEOS_DEPLOYMENT_TARGET = 8.0;
				LD_RUNPATH_SEARCH_PATHS = "$(inherited) @executable_path/Frameworks";
				PRODUCT_NAME = "$(TARGET_NAME)";
				SWIFT_OBJC_BRIDGING_HEADER = "Swift Example/SwiftExample-Bridging-Header.h";
			};
			name = Release;
		};
		9190D7BB1AEE92D5003114AF /* Debug */ = {
			isa = XCBuildConfiguration;
			buildSettings = {
				BUNDLE_LOADER = "$(TEST_HOST)";
				FRAMEWORK_SEARCH_PATHS = (
					"$(SDKROOT)/Developer/Library/Frameworks",
					"$(inherited)",
				);
				GCC_PREPROCESSOR_DEFINITIONS = (
					"DEBUG=1",
					"$(inherited)",
				);
				INFOPLIST_FILE = "Swift ExampleTests/Info.plist";
				LD_RUNPATH_SEARCH_PATHS = "$(inherited) @executable_path/Frameworks @loader_path/Frameworks";
				PRODUCT_NAME = "$(TARGET_NAME)";
				TEST_HOST = "$(BUILT_PRODUCTS_DIR)/Swift Example.app/Swift Example";
			};
			name = Debug;
		};
		9190D7BC1AEE92D5003114AF /* Release */ = {
			isa = XCBuildConfiguration;
			buildSettings = {
				BUNDLE_LOADER = "$(TEST_HOST)";
				FRAMEWORK_SEARCH_PATHS = (
					"$(SDKROOT)/Developer/Library/Frameworks",
					"$(inherited)",
				);
				INFOPLIST_FILE = "Swift ExampleTests/Info.plist";
				LD_RUNPATH_SEARCH_PATHS = "$(inherited) @executable_path/Frameworks @loader_path/Frameworks";
				PRODUCT_NAME = "$(TARGET_NAME)";
				TEST_HOST = "$(BUILT_PRODUCTS_DIR)/Swift Example.app/Swift Example";
			};
			name = Release;
		};
/* End XCBuildConfiguration section */

/* Begin XCConfigurationList section */
		9190D7931AEE92D5003114AF /* Build configuration list for PBXProject "Swift Example" */ = {
			isa = XCConfigurationList;
			buildConfigurations = (
				9190D7B51AEE92D5003114AF /* Debug */,
				9190D7B61AEE92D5003114AF /* Release */,
			);
			defaultConfigurationIsVisible = 0;
			defaultConfigurationName = Release;
		};
		9190D7B71AEE92D5003114AF /* Build configuration list for PBXNativeTarget "Swift Example" */ = {
			isa = XCConfigurationList;
			buildConfigurations = (
				9190D7B81AEE92D5003114AF /* Debug */,
				9190D7B91AEE92D5003114AF /* Release */,
			);
			defaultConfigurationIsVisible = 0;
			defaultConfigurationName = Release;
		};
		9190D7BA1AEE92D5003114AF /* Build configuration list for PBXNativeTarget "Swift ExampleTests" */ = {
			isa = XCConfigurationList;
			buildConfigurations = (
				9190D7BB1AEE92D5003114AF /* Debug */,
				9190D7BC1AEE92D5003114AF /* Release */,
			);
			defaultConfigurationIsVisible = 0;
			defaultConfigurationName = Release;
		};
/* End XCConfigurationList section */
	};
	rootObject = 9190D7901AEE92D5003114AF /* Project object */;
}
